
Microsoft Visual Studio Solution File, Format Version 12.00
# Visual Studio Version 17
VisualStudioVersion = 17.6.33829.357
MinimumVisualStudioVersion = 10.0.40219.1
Project("{FAE04EC0-301F-11D3-BF4B-00C04F79EFBC}") = "Factorial", "Factorial\Factorial.csproj", "{11DD6A6E-61D0-4FAD-94C0-E2154D8DE590}"
EndProject
Global
	GlobalSection(SolutionConfigurationPlatforms) = preSolution
		Debug|Any CPU = Debug|Any CPU
		Release|Any CPU = Release|Any CPU
	EndGlobalSection
	GlobalSection(ProjectConfigurationPlatforms) = postSolution
		{11DD6A6E-61D0-4FAD-94C0-E2154D8DE590}.Debug|Any CPU.ActiveCfg = Debug|Any CPU
		{11DD6A6E-61D0-4FAD-94C0-E2154D8DE590}.Debug|Any CPU.Build.0 = Debug|Any CPU
		{11DD6A6E-61D0-4FAD-94C0-E2154D8DE590}.Release|Any CPU.ActiveCfg = Release|Any CPU
		{11DD6A6E-61D0-4FAD-94C0-E2154D8DE590}.Release|Any CPU.Build.0 = Release|Any CPU
	EndGlobalSection
	GlobalSection(SolutionProperties) = preSolution
		HideSolutionNode = FALSE
	EndGlobalSection
	GlobalSection(ExtensibilityGlobals) = postSolution
		SolutionGuid = {A1E20681-4AD4-4DDA-A2C8-E0F30A20DCBD}
	EndGlobalSection
EndGlobal
